
Microsoft Visual Studio Solution File, Format Version 12.00
# Visual Studio Version 17
VisualStudioVersion = 17.3.32929.385
MinimumVisualStudioVersion = 10.0.40219.1
Project("{FAE04EC0-301F-11D3-BF4B-00C04F79EFBC}") = "Laborator5", "Laborator5\Laborator5.csproj", "{CC46A43F-35D7-42BC-9DA7-16016429F2B5}"
EndProject
Global
	GlobalSection(SolutionConfigurationPlatforms) = preSolution
		Debug|Any CPU = Debug|Any CPU
		Release|Any CPU = Release|Any CPU
	EndGlobalSection
	GlobalSection(ProjectConfigurationPlatforms) = postSolution
		{CC46A43F-35D7-42BC-9DA7-16016429F2B5}.Debug|Any CPU.ActiveCfg = Debug|Any CPU
		{CC46A43F-35D7-42BC-9DA7-16016429F2B5}.Debug|Any CPU.Build.0 = Debug|Any CPU
		{CC46A43F-35D7-42BC-9DA7-16016429F2B5}.Release|Any CPU.ActiveCfg = Release|Any CPU
		{CC46A43F-35D7-42BC-9DA7-16016429F2B5}.Release|Any CPU.Build.0 = Release|Any CPU
	EndGlobalSection
	GlobalSection(SolutionProperties) = preSolution
		HideSolutionNode = FALSE
	EndGlobalSection
	GlobalSection(ExtensibilityGlobals) = postSolution
		SolutionGuid = {1ECF08DC-8CDA-454F-91E4-3DCE9AEC8CE1}
	EndGlobalSection
EndGlobal
